
Microsoft Visual Studio Solution File, Format Version 12.00
# Visual Studio 15
VisualStudioVersion = 15.0.27428.2037
MinimumVisualStudioVersion = 10.0.40219.1
Project("{FAE04EC0-301F-11D3-BF4B-00C04F79EFBC}") = "Unit 35-Assignment 3", "Unit 35-Assignment 3\Unit 35-Assignment 3.csproj", "{AA6367D0-9608-4C35-977D-76F20D75DEE9}"
EndProject
Global
	GlobalSection(SolutionConfigurationPlatforms) = preSolution
		Debug|Any CPU = Debug|Any CPU
		Release|Any CPU = Release|Any CPU
	EndGlobalSection
	GlobalSection(ProjectConfigurationPlatforms) = postSolution
		{AA6367D0-9608-4C35-977D-76F20D75DEE9}.Debug|Any CPU.ActiveCfg = Debug|Any CPU
		{AA6367D0-9608-4C35-977D-76F20D75DEE9}.Debug|Any CPU.Build.0 = Debug|Any CPU
		{AA6367D0-9608-4C35-977D-76F20D75DEE9}.Release|Any CPU.ActiveCfg = Release|Any CPU
		{AA6367D0-9608-4C35-977D-76F20D75DEE9}.Release|Any CPU.Build.0 = Release|Any CPU
	EndGlobalSection
	GlobalSection(SolutionProperties) = preSolution
		HideSolutionNode = FALSE
	EndGlobalSection
	GlobalSection(ExtensibilityGlobals) = postSolution
		SolutionGuid = {64969C05-494E-4410-ABE4-324A232AD9CE}
	EndGlobalSection
EndGlobal
